Microsoft Visual Studio Solution File, Format Version 12.00
# Visual Studio Version 17
VisualStudioVersion = 17.5.2.0
MinimumVisualStudioVersion = 10.0.40219.1
Project("{FAE04EC0-301F-11D3-BF4B-00C04F79EFBC}") = "tarefas", "tarefas\tarefas.csproj", "{C682A039-E458-DEBE-D53E-A97F8ED2BD0E}"
EndProject
Global
	GlobalSection(SolutionConfigurationPlatforms) = preSolution
		Debug|Any CPU = Debug|Any CPU
		Release|Any CPU = Release|Any CPU
	EndGlobalSection
	GlobalSection(ProjectConfigurationPlatforms) = postSolution
		{C682A039-E458-DEBE-D53E-A97F8ED2BD0E}.Debug|Any CPU.ActiveCfg = Debug|Any CPU
		{C682A039-E458-DEBE-D53E-A97F8ED2BD0E}.Debug|Any CPU.Build.0 = Debug|Any CPU
		{C682A039-E458-DEBE-D53E-A97F8ED2BD0E}.Release|Any CPU.ActiveCfg = Release|Any CPU
		{C682A039-E458-DEBE-D53E-A97F8ED2BD0E}.Release|Any CPU.Build.0 = Release|Any CPU
	EndGlobalSection
	GlobalSection(SolutionProperties) = preSolution
		HideSolutionNode = FALSE
	EndGlobalSection
	GlobalSection(ExtensibilityGlobals) = postSolution
		SolutionGuid = {3F38C1EE-0420-41D4-9AD7-070C9297428A}
	EndGlobalSection
EndGlobal
